
Microsoft Visual Studio Solution File, Format Version 12.00
# Visual Studio 15
VisualStudioVersion = 15.0.28307.1525
MinimumVisualStudioVersion = 10.0.40219.1
Project("{8BC9CEB8-8B4A-11D0-8D11-00A0C91BC942}") = "QOpenGL01", "QOpenGL01\QOpenGL01.vcxproj", "{800856C3-3201-4DCC-B145-C14323131064}"
EndProject
Project("{8BC9CEB8-8B4A-11D0-8D11-00A0C91BC942}") = "QOpenGL02", "..\QOpenGL02\QOpenGL02.vcxproj", "{0C3CB894-0970-45B5-A7A4-F16159AFE0BF}"
EndProject
Project("{8BC9CEB8-8B4A-11D0-8D11-00A0C91BC942}") = "QOpenGL03", "..\QOpenGL03\QOpenGL03.vcxproj", "{9069E745-9CF1-493F-AF2A-6C1E6A881604}"
EndProject
Global
	GlobalSection(SolutionConfigurationPlatforms) = preSolution
		Debug|x64 = Debug|x64
		Debug|x86 = Debug|x86
		Release|x64 = Release|x64
		Release|x86 = Release|x86
	EndGlobalSection
	GlobalSection(ProjectConfigurationPlatforms) = postSolution
		{800856C3-3201-4DCC-B145-C14323131064}.Debug|x64.ActiveCfg = Debug|x64
		{800856C3-3201-4DCC-B145-C14323131064}.Debug|x64.Build.0 = Debug|x64
		{800856C3-3201-4DCC-B145-C14323131064}.Debug|x86.ActiveCfg = Debug|x64
		{800856C3-3201-4DCC-B145-C14323131064}.Release|x64.ActiveCfg = Release|x64
		{800856C3-3201-4DCC-B145-C14323131064}.Release|x64.Build.0 = Release|x64
		{800856C3-3201-4DCC-B145-C14323131064}.Release|x86.ActiveCfg = Release|x64
		{0C3CB894-0970-45B5-A7A4-F16159AFE0BF}.Debug|x64.ActiveCfg = Debug|x64
		{0C3CB894-0970-45B5-A7A4-F16159AFE0BF}.Debug|x64.Build.0 = Debug|x64
		{0C3CB894-0970-45B5-A7A4-F16159AFE0BF}.Debug|x86.ActiveCfg = Debug|x64
		{0C3CB894-0970-45B5-A7A4-F16159AFE0BF}.Release|x64.ActiveCfg = Release|x64
		{0C3CB894-0970-45B5-A7A4-F16159AFE0BF}.Release|x64.Build.0 = Release|x64
		{0C3CB894-0970-45B5-A7A4-F16159AFE0BF}.Release|x86.ActiveCfg = Release|x64
		{9069E745-9CF1-493F-AF2A-6C1E6A881604}.Debug|x64.ActiveCfg = Debug|x64
		{9069E745-9CF1-493F-AF2A-6C1E6A881604}.Debug|x64.Build.0 = Debug|x64
		{9069E745-9CF1-493F-AF2A-6C1E6A881604}.Debug|x86.ActiveCfg = Debug|x64
		{9069E745-9CF1-493F-AF2A-6C1E6A881604}.Release|x64.ActiveCfg = Release|x64
		{9069E745-9CF1-493F-AF2A-6C1E6A881604}.Release|x64.Build.0 = Release|x64
		{9069E745-9CF1-493F-AF2A-6C1E6A881604}.Release|x86.ActiveCfg = Release|x64
	EndGlobalSection
	GlobalSection(SolutionProperties) = preSolution
		HideSolutionNode = FALSE
	EndGlobalSection
	GlobalSection(ExtensibilityGlobals) = postSolution
		SolutionGuid = {813DCE0F-1388-489E-A286-C78F8597FD5F}
	EndGlobalSection
EndGlobal
